<?xml version="1.0" encoding="UTF-8"?>
<Scheme
   LastUpgradeVersion = "1520"
   version = "1.7">
   <BuildAction
      parallelizeBuildables = "YES"
      buildImplicitDependencies = "YES">
      <BuildActionEntries>
         <BuildActionEntry
            buildForTesting = "YES"
            buildForRunning = "YES"
            buildForProfiling = "YES"
            buildForArchiving = "YES"
            buildForAnalyzing = "YES">
            <BuildableReference
               BuildableIdentifier = "primary"
               BlueprintIdentifier = "kera_coffee_shop"
               BuildableName = "kera_coffee_shop"
               BlueprintName = "kera_coffee_shop"
               ReferencedContainer = "container:">
            </BuildableReference>
         </BuildActionEntry>
      </BuildActionEntries>
   </BuildAction>
   <TestAction
      buildConfiguration = "Debug"
      selectedDebuggerIdentifier = "Xcode.DebuggerFoundation.Debugger.LLDB"
      selectedLauncherIdentifier = "Xcode.DebuggerFoundation.Launcher.LLDB"
      shouldUseLaunchSchemeArgsEnv = "YES"
      shouldAutocreateTestPlan = "YES">
   </TestAction>
   <LaunchAction
      buildConfiguration = "Debug"
      selectedDebuggerIdentifier = "Xcode.DebuggerFoundation.Debugger.LLDB"
      selectedLauncherIdentifier = "Xcode.DebuggerFoundation.Launcher.LLDB"
      launchStyle = "0"
      useCustomWorkingDirectory = "NO"
      ignoresPersistentStateOnLaunch = "NO"
      debugDocumentVersioning = "YES"
      debugServiceExtension = "internal"
      allowLocationSimulation = "YES">
      <BuildableProductRunnable
         runnableDebuggingMode = "0">
         <BuildableReference
            BuildableIdentifier = "primary"
            BlueprintIdentifier = "kera_coffee_shop"
            BuildableName = "kera_coffee_shop"
            BlueprintName = "kera_coffee_shop"
            ReferencedContainer = "container:">
         </BuildableReference>
      </BuildableProductRunnable>
      <CommandLineArguments>
         <CommandLineArgument
            argument = "-help "
            isEnabled = "NO">
         </CommandLineArgument>
         <CommandLineArgument
            argument = "order 2 Valentina -s -b "
            isEnabled = "NO">
         </CommandLineArgument>
         <CommandLineArgument
            argument = "breathe --focus"
            isEnabled = "NO">
         </CommandLineArgument>
         <CommandLineArgument
            argument = "menu"
            isEnabled = "NO">
         </CommandLineArgument>
         <CommandLineArgument
            argument = "help breathe"
            isEnabled = "NO">
         </CommandLineArgument>
         <CommandLineArgument
            argument = "help playlist"
            isEnabled = "NO">
         </CommandLineArgument>
         <CommandLineArgument
            argument = "help music"
            isEnabled = "NO">
         </CommandLineArgument>
         <CommandLineArgument
            argument = "breathe"
            isEnabled = "NO">
         </CommandLineArgument>
         <CommandLineArgument
            argument = "help order"
            isEnabled = "NO">
         </CommandLineArgument>
         <CommandLineArgument
            argument = "breathe --relax"
            isEnabled = "NO">
         </CommandLineArgument>
         <CommandLineArgument
            argument = "breathe"
            isEnabled = "NO">
         </CommandLineArgument>
         <CommandLineArgument
            argument = "music 2"
            isEnabled = "YES">
         </CommandLineArgument>
         <CommandLineArgument
            argument = "music 1"
            isEnabled = "NO">
         </CommandLineArgument>
         <CommandLineArgument
            argument = "order 5 kelly -s -b"
            isEnabled = "NO">
         </CommandLineArgument>
         <CommandLineArgument
            argument = "music 5"
            isEnabled = "NO">
         </CommandLineArgument>
         <CommandLineArgument
            argument = "order 12"
            isEnabled = "NO">
         </CommandLineArgument>
         <CommandLineArgument
            argument = "order kelly"
            isEnabled = "NO">
         </CommandLineArgument>
         <CommandLineArgument
            argument = "order 1 -s -b"
            isEnabled = "NO">
         </CommandLineArgument>
         <CommandLineArgument
            argument = "order 1 melissa"
            isEnabled = "NO">
         </CommandLineArgument>
      </CommandLineArguments>
   </LaunchAction>
   <ProfileAction
      buildConfiguration = "Release"
      shouldUseLaunchSchemeArgsEnv = "YES"
      savedToolIdentifier = ""
      useCustomWorkingDirectory = "NO"
      debugDocumentVersioning = "YES">
      <BuildableProductRunnable
         runnableDebuggingMode = "0">
         <BuildableReference
            BuildableIdentifier = "primary"
            BlueprintIdentifier = "kera_coffee_shop"
            BuildableName = "kera_coffee_shop"
            BlueprintName = "kera_coffee_shop"
            ReferencedContainer = "container:">
         </BuildableReference>
      </BuildableProductRunnable>
   </ProfileAction>
   <AnalyzeAction
      buildConfiguration = "Debug">
   </AnalyzeAction>
   <ArchiveAction
      buildConfiguration = "Release"
      revealArchiveInOrganizer = "YES">
   </ArchiveAction>
</Scheme>
